
Microsoft Visual Studio Solution File, Format Version 12.00
# Visual Studio 15
VisualStudioVersion = 15.0.28010.2003
MinimumVisualStudioVersion = 10.0.40219.1
Project("{FAE04EC0-301F-11D3-BF4B-00C04F79EFBC}") = "RazorPagesMovie", "RazorPagesMovie\RazorPagesMovie.csproj", "{F7626CD8-C9A8-46C2-963D-57EA139EF4F8}"
EndProject
Global
	GlobalSection(SolutionConfigurationPlatforms) = preSolution
		Debug|Any CPU = Debug|Any CPU
		Release|Any CPU = Release|Any CPU
	EndGlobalSection
	GlobalSection(ProjectConfigurationPlatforms) = postSolution
		{F7626CD8-C9A8-46C2-963D-57EA139EF4F8}.Debug|Any CPU.ActiveCfg = Debug|Any CPU
		{F7626CD8-C9A8-46C2-963D-57EA139EF4F8}.Debug|Any CPU.Build.0 = Debug|Any CPU
		{F7626CD8-C9A8-46C2-963D-57EA139EF4F8}.Release|Any CPU.ActiveCfg = Release|Any CPU
		{F7626CD8-C9A8-46C2-963D-57EA139EF4F8}.Release|Any CPU.Build.0 = Release|Any CPU
	EndGlobalSection
	GlobalSection(SolutionProperties) = preSolution
		HideSolutionNode = FALSE
	EndGlobalSection
	GlobalSection(ExtensibilityGlobals) = postSolution
		SolutionGuid = {E13AAE51-0C2C-4B82-B966-947FC13A8880}
	EndGlobalSection
EndGlobal
